// !$*UTF8*$!
{
	archiveVersion = 1;
	classes = {
	};
	objectVersion = 52;
	objects = {

/* Begin PBXBuildFile section */
		2A1E41272377F72B002FA52A /* NotificationCenter.framework in Frameworks */ = {isa = PBXBuildFile; fileRef = 2A5C40CE233F9AC200B9FF02 /* NotificationCenter.framework */; };
		2A1E412A2377F72B002FA52A /* TodayViewController.swift in Sources */ = {isa = PBXBuildFile; fileRef = 2A1E41292377F72B002FA52A /* TodayViewController.swift */; };
		2A1E412D2377F72B002FA52A /* MainInterface.storyboard in Resources */ = {isa = PBXBuildFile; fileRef = 2A1E412B2377F72B002FA52A /* MainInterface.storyboard */; };
		2A1E41312377F72B002FA52A /* 一卡通.appex in Embed App Extensions */ = {isa = PBXBuildFile; fileRef = 2A1E41262377F72B002FA52A /* 一卡通.appex */; settings = {ATTRIBUTES = (RemoveHeadersOnCopy, ); }; };
		2A1E41362377F766002FA52A /* Alamofire.framework in Frameworks */ = {isa = PBXBuildFile; fileRef = 2AD799DD22B271900053BB4E /* Alamofire.framework */; };
		2A1E413A2377F7D4002FA52A /* CardWidget.swift in Sources */ = {isa = PBXBuildFile; fileRef = 2A1E41392377F7D4002FA52A /* CardWidget.swift */; };
		2A39868223780BE0005AB8AF /* WidgetNumberView.swift in Sources */ = {isa = PBXBuildFile; fileRef = 2A39868123780BE0005AB8AF /* WidgetNumberView.swift */; };
		2A39868423780E74005AB8AF /* WidgetNumberView.swift in Sources */ = {isa = PBXBuildFile; fileRef = 2A39868323780E74005AB8AF /* WidgetNumberView.swift */; };
		2A4558952299825700250D01 /* AppDelegate.swift in Sources */ = {isa = PBXBuildFile; fileRef = 2A4558942299825700250D01 /* AppDelegate.swift */; };
		2A4558972299825700250D01 /* ViewController.swift in Sources */ = {isa = PBXBuildFile; fileRef = 2A4558962299825700250D01 /* ViewController.swift */; };
		2A45589A2299825700250D01 /* Main.storyboard in Resources */ = {isa = PBXBuildFile; fileRef = 2A4558982299825700250D01 /* Main.storyboard */; };
		2A45589D2299825700250D01 /* lemonios.xcdatamodeld in Sources */ = {isa = PBXBuildFile; fileRef = 2A45589B2299825700250D01 /* lemonios.xcdatamodeld */; };
		2A45589F2299825800250D01 /* Assets.xcassets in Resources */ = {isa = PBXBuildFile; fileRef = 2A45589E2299825800250D01 /* Assets.xcassets */; };
		2A4558A22299825800250D01 /* LaunchScreen.storyboard in Resources */ = {isa = PBXBuildFile; fileRef = 2A4558A02299825800250D01 /* LaunchScreen.storyboard */; };
		2A4558AD2299825900250D01 /* lemoniosTests.swift in Sources */ = {isa = PBXBuildFile; fileRef = 2A4558AC2299825900250D01 /* lemoniosTests.swift */; };
		2A4558B82299825900250D01 /* lemoniosUITests.swift in Sources */ = {isa = PBXBuildFile; fileRef = 2A4558B72299825900250D01 /* lemoniosUITests.swift */; };
		2A4558C72299A45200250D01 /* WebKit.framework in Frameworks */ = {isa = PBXBuildFile; fileRef = 2A4558C62299A45200250D01 /* WebKit.framework */; };
		2A5C40CF233F9AC200B9FF02 /* NotificationCenter.framework in Frameworks */ = {isa = PBXBuildFile; fileRef = 2A5C40CE233F9AC200B9FF02 /* NotificationCenter.framework */; };
		2A5C40D2233F9AC200B9FF02 /* TodayViewController.swift in Sources */ = {isa = PBXBuildFile; fileRef = 2A5C40D1233F9AC200B9FF02 /* TodayViewController.swift */; };
		2A5C40D5233F9AC200B9FF02 /* MainInterface.storyboard in Resources */ = {isa = PBXBuildFile; fileRef = 2A5C40D3233F9AC200B9FF02 /* MainInterface.storyboard */; };
		2A5C40D9233F9AC200B9FF02 /* 下节课.appex in Embed App Extensions */ = {isa = PBXBuildFile; fileRef = 2A5C40CD233F9AC200B9FF02 /* 下节课.appex */; platformFilter = ios; settings = {ATTRIBUTES = (RemoveHeadersOnCopy, ); }; };
		2A5C40E42340E42800B9FF02 /* Alamofire.framework in Frameworks */ = {isa = PBXBuildFile; fileRef = 2AD799DD22B271900053BB4E /* Alamofire.framework */; };
		2A8EA32822B2935300ECDC39 /* Alamofire.framework in Frameworks */ = {isa = PBXBuildFile; fileRef = 2AD799DD22B271900053BB4E /* Alamofire.framework */; };
		2A8EA32A22B2935300ECDC39 /* Alamofire.framework.dSYM in Frameworks */ = {isa = PBXBuildFile; fileRef = 2A8EA32922B2935300ECDC39 /* Alamofire.framework.dSYM */; settings = {ATTRIBUTES = (Required, ); }; };
		2A981808237AC39A005C5141 /* NewFuncGuideController.swift in Sources */ = {isa = PBXBuildFile; fileRef = 2A981807237AC39A005C5141 /* NewFuncGuideController.swift */; };
		2AA008232385674800A05B03 /* DeviceKit in Frameworks */ = {isa = PBXBuildFile; productRef = 2AA008222385674800A05B03 /* DeviceKit */; };
		2AA10FDD230ECFE500AE639A /* HduMapViewController.swift in Sources */ = {isa = PBXBuildFile; fileRef = 2AA10FDC230ECFE500AE639A /* HduMapViewController.swift */; };
		2ADBF3B02375B928001BE5D5 /* .gitignore in Resources */ = {isa = PBXBuildFile; fileRef = 2ADBF3AF2375B928001BE5D5 /* .gitignore */; };
		2ADBF3B62375BD31001BE5D5 /* NotificationCenter.framework in Frameworks */ = {isa = PBXBuildFile; fileRef = 2A5C40CE233F9AC200B9FF02 /* NotificationCenter.framework */; };
		2ADBF3B92375BD31001BE5D5 /* TodayViewController.swift in Sources */ = {isa = PBXBuildFile; fileRef = 2ADBF3B82375BD31001BE5D5 /* TodayViewController.swift */; };
		2ADBF3BC2375BD31001BE5D5 /* MainInterface.storyboard in Resources */ = {isa = PBXBuildFile; fileRef = 2ADBF3BA2375BD31001BE5D5 /* MainInterface.storyboard */; };
		2ADBF3C02375BD31001BE5D5 /* 阳光长跑.appex in Embed App Extensions */ = {isa = PBXBuildFile; fileRef = 2ADBF3B52375BD31001BE5D5 /* 阳光长跑.appex */; settings = {ATTRIBUTES = (RemoveHeadersOnCopy, ); }; };
		2ADBF3C42375BD3D001BE5D5 /* SunRunWidget.swift in Sources */ = {isa = PBXBuildFile; fileRef = 2ADBF3AD2375B7A1001BE5D5 /* SunRunWidget.swift */; };
		2ADBF3C52375C220001BE5D5 /* Alamofire.framework in Frameworks */ = {isa = PBXBuildFile; fileRef = 2AD799DD22B271900053BB4E /* Alamofire.framework */; };
		2AE679A3230FE95800F26F07 /* geos.framework in Frameworks */ = {isa = PBXBuildFile; fileRef = 2AE679A1230FE93900F26F07 /* geos.framework */; };
		2AE679A6230FE99700F26F07 /* GEOSwift.framework in Frameworks */ = {isa = PBXBuildFile; fileRef = 2AE67999230FE77E00F26F07 /* GEOSwift.framework */; };
		2AE679A8230FE99900F26F07 /* GEOSwiftMapKit.framework in Frameworks */ = {isa = PBXBuildFile; fileRef = 2AE67998230FE77E00F26F07 /* GEOSwiftMapKit.framework */; };
		2AE679AF230FFC9500F26F07 /* dormArea.geojson in Resources */ = {isa = PBXBuildFile; fileRef = 2AE679AC230FFC9300F26F07 /* dormArea.geojson */; };
		2AE679B0230FFC9500F26F07 /* majorSchoolBuildings.geojson in Resources */ = {isa = PBXBuildFile; fileRef = 2AE679AD230FFC9400F26F07 /* majorSchoolBuildings.geojson */; };
		2AE679B1230FFC9500F26F07 /* zones.geojson in Resources */ = {isa = PBXBuildFile; fileRef = 2AE679AE230FFC9400F26F07 /* zones.geojson */; };
		2AE92062231C29BB002C9538 /* MapKit.framework in Frameworks */ = {isa = PBXBuildFile; fileRef = 2AE92061231C29BB002C9538 /* MapKit.framework */; };
		2AEC50F122BFE1260005781E /* Intents.framework in Frameworks */ = {isa = PBXBuildFile; fileRef = 2AEC50EF22BFE1260005781E /* Intents.framework */; };
		2AEC50F222BFE1260005781E /* IntentsUI.framework in Frameworks */ = {isa = PBXBuildFile; fileRef = 2AEC50F022BFE1260005781E /* IntentsUI.framework */; };
		4E937B0D237A46AB009D93E0 /* NewFuncRow.swift in Sources */ = {isa = PBXBuildFile; fileRef = 4E937B0C237A46AB009D93E0 /* NewFuncRow.swift */; };
		4E937B13237A61C9009D93E0 /* newFuncView.swift in Sources */ = {isa = PBXBuildFile; fileRef = 4E937B12237A61C9009D93E0 /* newFuncView.swift */; };
/* End PBXBuildFile section */

/* Begin PBXContainerItemProxy section */
		2A1E412F2377F72B002FA52A /* PBXContainerItemProxy */ = {
			isa = PBXContainerItemProxy;
			containerPortal = 2A4558892299825600250D01 /* Project object */;
			proxyType = 1;
			remoteGlobalIDString = 2A1E41252377F72B002FA52A;
			remoteInfo = cardwidget;
		};
		2A4558A92299825900250D01 /* PBXContainerItemProxy */ = {
			isa = PBXContainerItemProxy;
			containerPortal = 2A4558892299825600250D01 /* Project object */;
			proxyType = 1;
			remoteGlobalIDString = 2A4558902299825700250D01;
			remoteInfo = lemonios;
		};
		2A4558B42299825900250D01 /* PBXContainerItemProxy */ = {
			isa = PBXContainerItemProxy;
			containerPortal = 2A4558892299825600250D01 /* Project object */;
			proxyType = 1;
			remoteGlobalIDString = 2A4558902299825700250D01;
			remoteInfo = lemonios;
		};
		2A5C40D7233F9AC200B9FF02 /* PBXContainerItemProxy */ = {
			isa = PBXContainerItemProxy;
			containerPortal = 2A4558892299825600250D01 /* Project object */;
			proxyType = 1;
			remoteGlobalIDString = 2A5C40CC233F9AC200B9FF02;
			remoteInfo = schedulewidget;
		};
		2ADBF3BE2375BD31001BE5D5 /* PBXContainerItemProxy */ = {
			isa = PBXContainerItemProxy;
			containerPortal = 2A4558892299825600250D01 /* Project object */;
			proxyType = 1;
			remoteGlobalIDString = 2ADBF3B42375BD31001BE5D5;
			remoteInfo = sunrunwidget;
		};
/* End PBXContainerItemProxy section */

/* Begin PBXCopyFilesBuildPhase section */
		2A5C40DA233F9AC200B9FF02 /* Embed App Extensions */ = {
			isa = PBXCopyFilesBuildPhase;
			buildActionMask = 2147483647;
			dstPath = "";
			dstSubfolderSpec = 13;
			files = (
				2A1E41312377F72B002FA52A /* 一卡通.appex in Embed App Extensions */,
				2A5C40D9233F9AC200B9FF02 /* 下节课.appex in Embed App Extensions */,
				2ADBF3C02375BD31001BE5D5 /* 阳光长跑.appex in Embed App Extensions */,
			);
			name = "Embed App Extensions";
			runOnlyForDeploymentPostprocessing = 0;
		};
		2AE679A5230FE95800F26F07 /* Embed Frameworks */ = {
			isa = PBXCopyFilesBuildPhase;
			buildActionMask = 2147483647;
			dstPath = "";
			dstSubfolderSpec = 10;
			files = (
			);
			name = "Embed Frameworks";
			runOnlyForDeploymentPostprocessing = 0;
		};
/* End PBXCopyFilesBuildPhase section */

/* Begin PBXFileReference section */
		2A1E41262377F72B002FA52A /* 一卡通.appex */ = {isa = PBXFileReference; explicitFileType = "wrapper.app-extension"; includeInIndex = 0; path = "一卡通.appex"; sourceTree = BUILT_PRODUCTS_DIR; };
		2A1E41292377F72B002FA52A /* TodayViewController.swift */ = {isa = PBXFileReference; lastKnownFileType = sourcecode.swift; path = TodayViewController.swift; sourceTree = "<group>"; };
		2A1E412C2377F72B002FA52A /* Base */ = {isa = PBXFileReference; lastKnownFileType = file.storyboard; name = Base; path = Base.lproj/MainInterface.storyboard; sourceTree = "<group>"; };
		2A1E412E2377F72B002FA52A /* Info.plist */ = {isa = PBXFileReference; lastKnownFileType = text.plist.xml; path = Info.plist; sourceTree = "<group>"; };
		2A1E41352377F742002FA52A /* cardwidget.entitlements */ = {isa = PBXFileReference; lastKnownFileType = text.plist.entitlements; path = cardwidget.entitlements; sourceTree = "<group>"; };
		2A1E41392377F7D4002FA52A /* CardWidget.swift */ = {isa = PBXFileReference; lastKnownFileType = sourcecode.swift; path = CardWidget.swift; sourceTree = "<group>"; };
		2A39868123780BE0005AB8AF /* WidgetNumberView.swift */ = {isa = PBXFileReference; lastKnownFileType = sourcecode.swift; path = WidgetNumberView.swift; sourceTree = "<group>"; };
		2A39868323780E74005AB8AF /* WidgetNumberView.swift */ = {isa = PBXFileReference; lastKnownFileType = sourcecode.swift; path = WidgetNumberView.swift; sourceTree = "<group>"; };
		2A4558912299825700250D01 /* lemonios.app */ = {isa = PBXFileReference; explicitFileType = wrapper.application; includeInIndex = 0; path = lemonios.app; sourceTree = BUILT_PRODUCTS_DIR; };
		2A4558942299825700250D01 /* AppDelegate.swift */ = {isa = PBXFileReference; lastKnownFileType = sourcecode.swift; path = AppDelegate.swift; sourceTree = "<group>"; };
		2A4558962299825700250D01 /* ViewController.swift */ = {isa = PBXFileReference; lastKnownFileType = sourcecode.swift; path = ViewController.swift; sourceTree = "<group>"; };
		2A4558992299825700250D01 /* Base */ = {isa = PBXFileReference; lastKnownFileType = file.storyboard; name = Base; path = Base.lproj/Main.storyboard; sourceTree = "<group>"; };
		2A45589C2299825700250D01 /* lemonios.xcdatamodel */ = {isa = PBXFileReference; lastKnownFileType = wrapper.xcdatamodel; path = lemonios.xcdatamodel; sourceTree = "<group>"; };
		2A45589E2299825800250D01 /* Assets.xcassets */ = {isa = PBXFileReference; lastKnownFileType = folder.assetcatalog; path = Assets.xcassets; sourceTree = "<group>"; };
		2A4558A12299825800250D01 /* Base */ = {isa = PBXFileReference; lastKnownFileType = file.storyboard; name = Base; path = Base.lproj/LaunchScreen.storyboard; sourceTree = "<group>"; };
		2A4558A32299825800250D01 /* Info.plist */ = {isa = PBXFileReference; lastKnownFileType = text.plist.xml; path = Info.plist; sourceTree = "<group>"; };
		2A4558A82299825900250D01 /* lemoniosTests.xctest */ = {isa = PBXFileReference; explicitFileType = wrapper.cfbundle; includeInIndex = 0; path = lemoniosTests.xctest; sourceTree = BUILT_PRODUCTS_DIR; };
		2A4558AC2299825900250D01 /* lemoniosTests.swift */ = {isa = PBXFileReference; lastKnownFileType = sourcecode.swift; path = lemoniosTests.swift; sourceTree = "<group>"; };
		2A4558AE2299825900250D01 /* Info.plist */ = {isa = PBXFileReference; lastKnownFileType = text.plist.xml; path = Info.plist; sourceTree = "<group>"; };
		2A4558B32299825900250D01 /* lemoniosUITests.xctest */ = {isa = PBXFileReference; explicitFileType = wrapper.cfbundle; includeInIndex = 0; path = lemoniosUITests.xctest; sourceTree = BUILT_PRODUCTS_DIR; };
		2A4558B72299825900250D01 /* lemoniosUITests.swift */ = {isa = PBXFileReference; lastKnownFileType = sourcecode.swift; path = lemoniosUITests.swift; sourceTree = "<group>"; };
		2A4558B92299825900250D01 /* Info.plist */ = {isa = PBXFileReference; lastKnownFileType = text.plist.xml; path = Info.plist; sourceTree = "<group>"; };
		2A4558C62299A45200250D01 /* WebKit.framework */ = {isa = PBXFileReference; lastKnownFileType = wrapper.framework; name = WebKit.framework; path = System/Library/Frameworks/WebKit.framework; sourceTree = SDKROOT; };
		2A5C40CD233F9AC200B9FF02 /* 下节课.appex */ = {isa = PBXFileReference; explicitFileType = "wrapper.app-extension"; includeInIndex = 0; path = "下节课.appex"; sourceTree = BUILT_PRODUCTS_DIR; };
		2A5C40CE233F9AC200B9FF02 /* NotificationCenter.framework */ = {isa = PBXFileReference; lastKnownFileType = wrapper.framework; name = NotificationCenter.framework; path = System/Library/Frameworks/NotificationCenter.framework; sourceTree = SDKROOT; };
		2A5C40D1233F9AC200B9FF02 /* TodayViewController.swift */ = {isa = PBXFileReference; lastKnownFileType = sourcecode.swift; path = TodayViewController.swift; sourceTree = "<group>"; };
		2A5C40D4233F9AC200B9FF02 /* Base */ = {isa = PBXFileReference; lastKnownFileType = file.storyboard; name = Base; path = Base.lproj/MainInterface.storyboard; sourceTree = "<group>"; };
		2A5C40D6233F9AC200B9FF02 /* Info.plist */ = {isa = PBXFileReference; lastKnownFileType = text.plist.xml; path = Info.plist; sourceTree = "<group>"; };
		2A5C40E12340B23900B9FF02 /* 快捷课表.entitlements */ = {isa = PBXFileReference; lastKnownFileType = text.plist.entitlements; path = "快捷课表.entitlements"; sourceTree = "<group>"; };
		2A8EA32922B2935300ECDC39 /* Alamofire.framework.dSYM */ = {isa = PBXFileReference; lastKnownFileType = wrapper.dsym; name = Alamofire.framework.dSYM; path = Carthage/Build/iOS/Alamofire.framework.dSYM; sourceTree = "<group>"; };
		2A981807237AC39A005C5141 /* NewFuncGuideController.swift */ = {isa = PBXFileReference; lastKnownFileType = sourcecode.swift; path = NewFuncGuideController.swift; sourceTree = "<group>"; };
		2AA10FDC230ECFE500AE639A /* HduMapViewController.swift */ = {isa = PBXFileReference; lastKnownFileType = sourcecode.swift; path = HduMapViewController.swift; sourceTree = "<group>"; };
		2AD799DB22B267590053BB4E /* Cartfile */ = {isa = PBXFileReference; lastKnownFileType = text; path = Cartfile; sourceTree = "<group>"; };
		2AD799DD22B271900053BB4E /* Alamofire.framework */ = {isa = PBXFileReference; lastKnownFileType = wrapper.framework; name = Alamofire.framework; path = Carthage/Build/iOS/Alamofire.framework; sourceTree = "<group>"; };
		2ADBF3AD2375B7A1001BE5D5 /* SunRunWidget.swift */ = {isa = PBXFileReference; lastKnownFileType = sourcecode.swift; path = SunRunWidget.swift; sourceTree = "<group>"; };
		2ADBF3AF2375B928001BE5D5 /* .gitignore */ = {isa = PBXFileReference; lastKnownFileType = text; path = .gitignore; sourceTree = "<group>"; };
		2ADBF3B52375BD31001BE5D5 /* 阳光长跑.appex */ = {isa = PBXFileReference; explicitFileType = "wrapper.app-extension"; includeInIndex = 0; path = "阳光长跑.appex"; sourceTree = BUILT_PRODUCTS_DIR; };
		2ADBF3B82375BD31001BE5D5 /* TodayViewController.swift */ = {isa = PBXFileReference; lastKnownFileType = sourcecode.swift; path = TodayViewController.swift; sourceTree = "<group>"; };
		2ADBF3BB2375BD31001BE5D5 /* Base */ = {isa = PBXFileReference; lastKnownFileType = file.storyboard; name = Base; path = Base.lproj/MainInterface.storyboard; sourceTree = "<group>"; };
		2ADBF3BD2375BD31001BE5D5 /* Info.plist */ = {isa = PBXFileReference; lastKnownFileType = text.plist.xml; path = Info.plist; sourceTree = "<group>"; };
		2ADBF3C82375D510001BE5D5 /* 阳光长跑.entitlements */ = {isa = PBXFileReference; lastKnownFileType = text.plist.entitlements; path = "阳光长跑.entitlements"; sourceTree = "<group>"; };
		2AE67998230FE77E00F26F07 /* GEOSwiftMapKit.framework */ = {isa = PBXFileReference; lastKnownFileType = wrapper.framework; name = GEOSwiftMapKit.framework; path = Carthage/Build/iOS/GEOSwiftMapKit.framework; sourceTree = "<group>"; };
		2AE67999230FE77E00F26F07 /* GEOSwift.framework */ = {isa = PBXFileReference; lastKnownFileType = wrapper.framework; name = GEOSwift.framework; path = Carthage/Build/iOS/GEOSwift.framework; sourceTree = "<group>"; };
		2AE6799F230FE93900F26F07 /* geos.framework.dSYM */ = {isa = PBXFileReference; lastKnownFileType = wrapper.dsym; name = geos.framework.dSYM; path = Carthage/Build/iOS/geos.framework.dSYM; sourceTree = "<group>"; };
		2AE679A0230FE93900F26F07 /* GEOSwift.framework.dSYM */ = {isa = PBXFileReference; lastKnownFileType = wrapper.dsym; name = GEOSwift.framework.dSYM; path = Carthage/Build/iOS/GEOSwift.framework.dSYM; sourceTree = "<group>"; };
		2AE679A1230FE93900F26F07 /* geos.framework */ = {isa = PBXFileReference; lastKnownFileType = wrapper.framework; name = geos.framework; path = Carthage/Build/iOS/geos.framework; sourceTree = "<group>"; };
		2AE679A2230FE93900F26F07 /* GEOSwiftMapKit.framework.dSYM */ = {isa = PBXFileReference; lastKnownFileType = wrapper.dsym; name = GEOSwiftMapKit.framework.dSYM; path = Carthage/Build/iOS/GEOSwiftMapKit.framework.dSYM; sourceTree = "<group>"; };
		2AE679AC230FFC9300F26F07 /* dormArea.geojson */ = {isa = PBXFileReference; fileEncoding = 4; lastKnownFileType = text; path = dormArea.geojson; sourceTree = "<group>"; };
		2AE679AD230FFC9400F26F07 /* majorSchoolBuildings.geojson */ = {isa = PBXFileReference; fileEncoding = 4; lastKnownFileType = text; path = majorSchoolBuildings.geojson; sourceTree = "<group>"; };
		2AE679AE230FFC9400F26F07 /* zones.geojson */ = {isa = PBXFileReference; fileEncoding = 4; lastKnownFileType = text; path = zones.geojson; sourceTree = "<group>"; };
		2AE92061231C29BB002C9538 /* MapKit.framework */ = {isa = PBXFileReference; lastKnownFileType = wrapper.framework; name = MapKit.framework; path = System/Library/Frameworks/MapKit.framework; sourceTree = SDKROOT; };
		2AEC50DC22BFD71F0005781E /* lemonios.entitlements */ = {isa = PBXFileReference; lastKnownFileType = text.plist.entitlements; path = lemonios.entitlements; sourceTree = "<group>"; };
		2AEC50E322BFD92C0005781E /* opensubapp.appex */ = {isa = PBXFileReference; explicitFileType = "wrapper.app-extension"; includeInIndex = 0; path = opensubapp.appex; sourceTree = BUILT_PRODUCTS_DIR; };
		2AEC50EF22BFE1260005781E /* Intents.framework */ = {isa = PBXFileReference; lastKnownFileType = wrapper.framework; name = Intents.framework; path = System/Library/Frameworks/Intents.framework; sourceTree = SDKROOT; };
		2AEC50F022BFE1260005781E /* IntentsUI.framework */ = {isa = PBXFileReference; lastKnownFileType = wrapper.framework; name = IntentsUI.framework; path = System/Library/Frameworks/IntentsUI.framework; sourceTree = SDKROOT; };
		4E937B0C237A46AB009D93E0 /* NewFuncRow.swift */ = {isa = PBXFileReference; lastKnownFileType = sourcecode.swift; path = NewFuncRow.swift; sourceTree = "<group>"; };
		4E937B12237A61C9009D93E0 /* newFuncView.swift */ = {isa = PBXFileReference; lastKnownFileType = sourcecode.swift; path = newFuncView.swift; sourceTree = "<group>"; };
/* End PBXFileReference section */

/* Begin PBXFrameworksBuildPhase section */
		2A1E41232377F72B002FA52A /* Frameworks */ = {
			isa = PBXFrameworksBuildPhase;
			buildActionMask = 2147483647;
			files = (
				2A1E41272377F72B002FA52A /* NotificationCenter.framework in Frameworks */,
				2A1E41362377F766002FA52A /* Alamofire.framework in Frameworks */,
			);
			runOnlyForDeploymentPostprocessing = 0;
		};
		2A45588E2299825700250D01 /* Frameworks */ = {
			isa = PBXFrameworksBuildPhase;
			buildActionMask = 2147483647;
			files = (
				2AE679A3230FE95800F26F07 /* geos.framework in Frameworks */,
				2AA008232385674800A05B03 /* DeviceKit in Frameworks */,
				2AEC50F122BFE1260005781E /* Intents.framework in Frameworks */,
				2AE679A8230FE99900F26F07 /* GEOSwiftMapKit.framework in Frameworks */,
				2AEC50F222BFE1260005781E /* IntentsUI.framework in Frameworks */,
				2AE92062231C29BB002C9538 /* MapKit.framework in Frameworks */,
				2A4558C72299A45200250D01 /* WebKit.framework in Frameworks */,
				2A8EA32A22B2935300ECDC39 /* Alamofire.framework.dSYM in Frameworks */,
				2AE679A6230FE99700F26F07 /* GEOSwift.framework in Frameworks */,
				2A8EA32822B2935300ECDC39 /* Alamofire.framework in Frameworks */,
			);
			runOnlyForDeploymentPostprocessing = 0;
		};
		2A4558A52299825900250D01 /* Frameworks */ = {
			isa = PBXFrameworksBuildPhase;
			buildActionMask = 2147483647;
			files = (
			);
			runOnlyForDeploymentPostprocessing = 0;
		};
		2A4558B02299825900250D01 /* Frameworks */ = {
			isa = PBXFrameworksBuildPhase;
			buildActionMask = 2147483647;
			files = (
			);
			runOnlyForDeploymentPostprocessing = 0;
		};
		2A5C40CA233F9AC200B9FF02 /* Frameworks */ = {
			isa = PBXFrameworksBuildPhase;
			buildActionMask = 2147483647;
			files = (
				2A5C40CF233F9AC200B9FF02 /* NotificationCenter.framework in Frameworks */,
				2A5C40E42340E42800B9FF02 /* Alamofire.framework in Frameworks */,
			);
			runOnlyForDeploymentPostprocessing = 0;
		};
		2ADBF3B22375BD31001BE5D5 /* Frameworks */ = {
			isa = PBXFrameworksBuildPhase;
			buildActionMask = 2147483647;
			files = (
				2ADBF3B62375BD31001BE5D5 /* NotificationCenter.framework in Frameworks */,
				2ADBF3C52375C220001BE5D5 /* Alamofire.framework in Frameworks */,
			);
			runOnlyForDeploymentPostprocessing = 0;
		};
		2AEC50E022BFD92C0005781E /* Frameworks */ = {
			isa = PBXFrameworksBuildPhase;
			buildActionMask = 2147483647;
			files = (
			);
			runOnlyForDeploymentPostprocessing = 0;
		};
/* End PBXFrameworksBuildPhase section */

/* Begin PBXGroup section */
		2A1E41282377F72B002FA52A /* cardwidget */ = {
			isa = PBXGroup;
			children = (
				2A1E41352377F742002FA52A /* cardwidget.entitlements */,
				2A1E41292377F72B002FA52A /* TodayViewController.swift */,
				2A1E412B2377F72B002FA52A /* MainInterface.storyboard */,
				2A1E412E2377F72B002FA52A /* Info.plist */,
				2A1E41392377F7D4002FA52A /* CardWidget.swift */,
				2A39868123780BE0005AB8AF /* WidgetNumberView.swift */,
			);
			path = cardwidget;
			sourceTree = "<group>";
		};
		2A4558882299825600250D01 = {
			isa = PBXGroup;
			children = (
				2ADBF3AF2375B928001BE5D5 /* .gitignore */,
				2AE679AB230FFC5200F26F07 /* Resources */,
				2AD799DB22B267590053BB4E /* Cartfile */,
				2A4558932299825700250D01 /* lemonios */,
				2A4558AB2299825900250D01 /* lemoniosTests */,
				2A4558B62299825900250D01 /* lemoniosUITests */,
				2A5C40D0233F9AC200B9FF02 /* schedulewidget */,
				2ADBF3B72375BD31001BE5D5 /* sunrunwidget */,
				2A1E41282377F72B002FA52A /* cardwidget */,
				2A4558922299825700250D01 /* Products */,
				2A4558C52299A45200250D01 /* Frameworks */,
			);
			sourceTree = "<group>";
		};
		2A4558922299825700250D01 /* Products */ = {
			isa = PBXGroup;
			children = (
				2A4558912299825700250D01 /* lemonios.app */,
				2A4558A82299825900250D01 /* lemoniosTests.xctest */,
				2A4558B32299825900250D01 /* lemoniosUITests.xctest */,
				2AEC50E322BFD92C0005781E /* opensubapp.appex */,
				2A5C40CD233F9AC200B9FF02 /* 下节课.appex */,
				2ADBF3B52375BD31001BE5D5 /* 阳光长跑.appex */,
				2A1E41262377F72B002FA52A /* 一卡通.appex */,
			);
			name = Products;
			sourceTree = "<group>";
		};
		2A4558932299825700250D01 /* lemonios */ = {
			isa = PBXGroup;
			children = (
				4E937B0723799BF1009D93E0 /* newFuncGuide */,
				2AEC50DC22BFD71F0005781E /* lemonios.entitlements */,
				2A4558942299825700250D01 /* AppDelegate.swift */,
				2A4558962299825700250D01 /* ViewController.swift */,
				2A45589E2299825800250D01 /* Assets.xcassets */,
				2A4558982299825700250D01 /* Main.storyboard */,
				2AA10FDC230ECFE500AE639A /* HduMapViewController.swift */,
				2A4558A02299825800250D01 /* LaunchScreen.storyboard */,
				2A4558A32299825800250D01 /* Info.plist */,
				2A45589B2299825700250D01 /* lemonios.xcdatamodeld */,
				2A981807237AC39A005C5141 /* NewFuncGuideController.swift */,
			);
			path = lemonios;
			sourceTree = "<group>";
		};
		2A4558AB2299825900250D01 /* lemoniosTests */ = {
			isa = PBXGroup;
			children = (
				2A4558AC2299825900250D01 /* lemoniosTests.swift */,
				2A4558AE2299825900250D01 /* Info.plist */,
			);
			path = lemoniosTests;
			sourceTree = "<group>";
		};
		2A4558B62299825900250D01 /* lemoniosUITests */ = {
			isa = PBXGroup;
			children = (
				2A4558B72299825900250D01 /* lemoniosUITests.swift */,
				2A4558B92299825900250D01 /* Info.plist */,
			);
			path = lemoniosUITests;
			sourceTree = "<group>";
		};
		2A4558C52299A45200250D01 /* Frameworks */ = {
			isa = PBXGroup;
			children = (
				2AE92061231C29BB002C9538 /* MapKit.framework */,
				2AE679A1230FE93900F26F07 /* geos.framework */,
				2AE6799F230FE93900F26F07 /* geos.framework.dSYM */,
				2AE679A0230FE93900F26F07 /* GEOSwift.framework.dSYM */,
				2AE679A2230FE93900F26F07 /* GEOSwiftMapKit.framework.dSYM */,
				2AE67999230FE77E00F26F07 /* GEOSwift.framework */,
				2AE67998230FE77E00F26F07 /* GEOSwiftMapKit.framework */,
				2AEC50EF22BFE1260005781E /* Intents.framework */,
				2AEC50F022BFE1260005781E /* IntentsUI.framework */,
				2A8EA32922B2935300ECDC39 /* Alamofire.framework.dSYM */,
				2AD799DD22B271900053BB4E /* Alamofire.framework */,
				2A4558C62299A45200250D01 /* WebKit.framework */,
				2A5C40CE233F9AC200B9FF02 /* NotificationCenter.framework */,
			);
			name = Frameworks;
			sourceTree = "<group>";
		};
		2A5C40D0233F9AC200B9FF02 /* schedulewidget */ = {
			isa = PBXGroup;
			children = (
				2A5C40E12340B23900B9FF02 /* 快捷课表.entitlements */,
				2A5C40D1233F9AC200B9FF02 /* TodayViewController.swift */,
				2A5C40D3233F9AC200B9FF02 /* MainInterface.storyboard */,
				2A5C40D6233F9AC200B9FF02 /* Info.plist */,
			);
			path = schedulewidget;
			sourceTree = "<group>";
		};
		2ADBF3B72375BD31001BE5D5 /* sunrunwidget */ = {
			isa = PBXGroup;
			children = (
				2ADBF3C82375D510001BE5D5 /* 阳光长跑.entitlements */,
				2ADBF3AD2375B7A1001BE5D5 /* SunRunWidget.swift */,
				2ADBF3B82375BD31001BE5D5 /* TodayViewController.swift */,
				2ADBF3BA2375BD31001BE5D5 /* MainInterface.storyboard */,
				2ADBF3BD2375BD31001BE5D5 /* Info.plist */,
				2A39868323780E74005AB8AF /* WidgetNumberView.swift */,
			);
			path = sunrunwidget;
			sourceTree = "<group>";
		};
		2AE679AB230FFC5200F26F07 /* Resources */ = {
			isa = PBXGroup;
			children = (
				2AE679AC230FFC9300F26F07 /* dormArea.geojson */,
				2AE679AD230FFC9400F26F07 /* majorSchoolBuildings.geojson */,
				2AE679AE230FFC9400F26F07 /* zones.geojson */,
			);
			path = Resources;
			sourceTree = "<group>";
		};
		4E937B0723799BF1009D93E0 /* newFuncGuide */ = {
			isa = PBXGroup;
			children = (
				4E937B0C237A46AB009D93E0 /* NewFuncRow.swift */,
				4E937B12237A61C9009D93E0 /* newFuncView.swift */,
			);
			path = newFuncGuide;
			sourceTree = "<group>";
		};
/* End PBXGroup section */

/* Begin PBXNativeTarget section */
		2A1E41252377F72B002FA52A /* cardwidget */ = {
			isa = PBXNativeTarget;
			buildConfigurationList = 2A1E41342377F72B002FA52A /* Build configuration list for PBXNativeTarget "cardwidget" */;
			buildPhases = (
				2A1E41222377F72B002FA52A /* Sources */,
				2A1E41232377F72B002FA52A /* Frameworks */,
				2A1E41242377F72B002FA52A /* Resources */,
			);
			buildRules = (
			);
			dependencies = (
			);
			name = cardwidget;
			productName = cardwidget;
			productReference = 2A1E41262377F72B002FA52A /* 一卡通.appex */;
			productType = "com.apple.product-type.app-extension";
		};
		2A4558902299825700250D01 /* lemonios */ = {
			isa = PBXNativeTarget;
			buildConfigurationList = 2A4558BC2299825900250D01 /* Build configuration list for PBXNativeTarget "lemonios" */;
			buildPhases = (
				2A45588D2299825700250D01 /* Sources */,
				2A45588E2299825700250D01 /* Frameworks */,
				2A45588F2299825700250D01 /* Resources */,
				2AD799DC22B270FC0053BB4E /* ShellScript */,
				2AE679A5230FE95800F26F07 /* Embed Frameworks */,
				2A5C40DA233F9AC200B9FF02 /* Embed App Extensions */,
			);
			buildRules = (
			);
			dependencies = (
				2A5C40D8233F9AC200B9FF02 /* PBXTargetDependency */,
				2ADBF3BF2375BD31001BE5D5 /* PBXTargetDependency */,
				2A1E41302377F72B002FA52A /* PBXTargetDependency */,
			);
			name = lemonios;
			packageProductDependencies = (
				2AA008222385674800A05B03 /* DeviceKit */,
			);
			productName = lemonios;
			productReference = 2A4558912299825700250D01 /* lemonios.app */;
			productType = "com.apple.product-type.application";
		};
		2A4558A72299825900250D01 /* lemoniosTests */ = {
			isa = PBXNativeTarget;
			buildConfigurationList = 2A4558BF2299825900250D01 /* Build configuration list for PBXNativeTarget "lemoniosTests" */;
			buildPhases = (
				2A4558A42299825900250D01 /* Sources */,
				2A4558A52299825900250D01 /* Frameworks */,
				2A4558A62299825900250D01 /* Resources */,
			);
			buildRules = (
			);
			dependencies = (
				2A4558AA2299825900250D01 /* PBXTargetDependency */,
			);
			name = lemoniosTests;
			productName = lemoniosTests;
			productReference = 2A4558A82299825900250D01 /* lemoniosTests.xctest */;
			productType = "com.apple.product-type.bundle.unit-test";
		};
		2A4558B22299825900250D01 /* lemoniosUITests */ = {
			isa = PBXNativeTarget;
			buildConfigurationList = 2A4558C22299825900250D01 /* Build configuration list for PBXNativeTarget "lemoniosUITests" */;
			buildPhases = (
				2A4558AF2299825900250D01 /* Sources */,
				2A4558B02299825900250D01 /* Frameworks */,
				2A4558B12299825900250D01 /* Resources */,
			);
			buildRules = (
			);
			dependencies = (
				2A4558B52299825900250D01 /* PBXTargetDependency */,
			);
			name = lemoniosUITests;
			productName = lemoniosUITests;
			productReference = 2A4558B32299825900250D01 /* lemoniosUITests.xctest */;
			productType = "com.apple.product-type.bundle.ui-testing";
		};
		2A5C40CC233F9AC200B9FF02 /* schedulewidget */ = {
			isa = PBXNativeTarget;
			buildConfigurationList = 2A5C40DD233F9AC200B9FF02 /* Build configuration list for PBXNativeTarget "schedulewidget" */;
			buildPhases = (
				2A5C40C9233F9AC200B9FF02 /* Sources */,
				2A5C40CA233F9AC200B9FF02 /* Frameworks */,
				2A5C40CB233F9AC200B9FF02 /* Resources */,
			);
			buildRules = (
			);
			dependencies = (
			);
			name = schedulewidget;
			productName = schedulewidget;
			productReference = 2A5C40CD233F9AC200B9FF02 /* 下节课.appex */;
			productType = "com.apple.product-type.app-extension";
		};
		2ADBF3B42375BD31001BE5D5 /* sunrunwidget */ = {
			isa = PBXNativeTarget;
			buildConfigurationList = 2ADBF3C12375BD31001BE5D5 /* Build configuration list for PBXNativeTarget "sunrunwidget" */;
			buildPhases = (
				2ADBF3B12375BD31001BE5D5 /* Sources */,
				2ADBF3B22375BD31001BE5D5 /* Frameworks */,
				2ADBF3B32375BD31001BE5D5 /* Resources */,
			);
			buildRules = (
			);
			dependencies = (
			);
			name = sunrunwidget;
			productName = sunrunwidget;
			productReference = 2ADBF3B52375BD31001BE5D5 /* 阳光长跑.appex */;
			productType = "com.apple.product-type.app-extension";
		};
		2AEC50E222BFD92C0005781E /* opensubapp */ = {
			isa = PBXNativeTarget;
			buildConfigurationList = 2AEC50EB22BFD92C0005781E /* Build configuration list for PBXNativeTarget "opensubapp" */;
			buildPhases = (
				2AEC50DF22BFD92C0005781E /* Sources */,
				2AEC50E022BFD92C0005781E /* Frameworks */,
				2AEC50E122BFD92C0005781E /* Resources */,
			);
			buildRules = (
			);
			dependencies = (
			);
			name = opensubapp;
			productName = opensubapp;
			productReference = 2AEC50E322BFD92C0005781E /* opensubapp.appex */;
			productType = "com.apple.product-type.app-extension";
		};
/* End PBXNativeTarget section */

/* Begin PBXProject section */
		2A4558892299825600250D01 /* Project object */ = {
			isa = PBXProject;
			attributes = {
				LastSwiftUpdateCheck = 1120;
				LastUpgradeCheck = 1020;
				ORGANIZATIONNAME = "Inkwire Tech (Hangzhou) Co., Ltd.";
				TargetAttributes = {
					2A1E41252377F72B002FA52A = {
						CreatedOnToolsVersion = 11.2;
					};
					2A4558902299825700250D01 = {
						CreatedOnToolsVersion = 10.2.1;
						SystemCapabilities = {
							com.apple.Maps.iOS = {
								enabled = 1;
							};
							com.apple.Push = {
								enabled = 1;
							};
							com.apple.Siri = {
								enabled = 1;
							};
						};
					};
					2A4558A72299825900250D01 = {
						CreatedOnToolsVersion = 10.2.1;
						TestTargetID = 2A4558902299825700250D01;
					};
					2A4558B22299825900250D01 = {
						CreatedOnToolsVersion = 10.2.1;
						TestTargetID = 2A4558902299825700250D01;
					};
					2A5C40CC233F9AC200B9FF02 = {
						CreatedOnToolsVersion = 11.0;
					};
					2ADBF3B42375BD31001BE5D5 = {
						CreatedOnToolsVersion = 11.2;
					};
					2AEC50E222BFD92C0005781E = {
						CreatedOnToolsVersion = 10.2.1;
					};
				};
			};
			buildConfigurationList = 2A45588C2299825600250D01 /* Build configuration list for PBXProject "lemonios" */;
			compatibilityVersion = "Xcode 10.0";
			developmentRegion = en;
			hasScannedForEncodings = 0;
			knownRegions = (
				en,
				Base,
			);
			mainGroup = 2A4558882299825600250D01;
			packageReferences = (
				2AA008212385674800A05B03 /* XCRemoteSwiftPackageReference "DeviceKit" */,
			);
			productRefGroup = 2A4558922299825700250D01 /* Products */;
			projectDirPath = "";
			projectRoot = "";
			targets = (
				2A4558902299825700250D01 /* lemonios */,
				2A4558A72299825900250D01 /* lemoniosTests */,
				2A4558B22299825900250D01 /* lemoniosUITests */,
				2AEC50E222BFD92C0005781E /* opensubapp */,
				2A5C40CC233F9AC200B9FF02 /* schedulewidget */,
				2ADBF3B42375BD31001BE5D5 /* sunrunwidget */,
				2A1E41252377F72B002FA52A /* cardwidget */,
			);
		};
/* End PBXProject section */

/* Begin PBXResourcesBuildPhase section */
		2A1E41242377F72B002FA52A /* Resources */ = {
			isa = PBXResourcesBuildPhase;
			buildActionMask = 2147483647;
			files = (
				2A1E412D2377F72B002FA52A /* MainInterface.storyboard in Resources */,
			);
			runOnlyForDeploymentPostprocessing = 0;
		};
		2A45588F2299825700250D01 /* Resources */ = {
			isa = PBXResourcesBuildPhase;
			buildActionMask = 2147483647;
			files = (
				2AE679AF230FFC9500F26F07 /* dormArea.geojson in Resources */,
				2ADBF3B02375B928001BE5D5 /* .gitignore in Resources */,
				2A4558A22299825800250D01 /* LaunchScreen.storyboard in Resources */,
				2A45589F2299825800250D01 /* Assets.xcassets in Resources */,
				2A45589A2299825700250D01 /* Main.storyboard in Resources */,
				2AE679B0230FFC9500F26F07 /* majorSchoolBuildings.geojson in Resources */,
				2AE679B1230FFC9500F26F07 /* zones.geojson in Resources */,
			);
			runOnlyForDeploymentPostprocessing = 0;
		};
		2A4558A62299825900250D01 /* Resources */ = {
			isa = PBXResourcesBuildPhase;
			buildActionMask = 2147483647;
			files = (
			);
			runOnlyForDeploymentPostprocessing = 0;
		};
		2A4558B12299825900250D01 /* Resources */ = {
			isa = PBXResourcesBuildPhase;
			buildActionMask = 2147483647;
			files = (
			);
			runOnlyForDeploymentPostprocessing = 0;
		};
		2A5C40CB233F9AC200B9FF02 /* Resources */ = {
			isa = PBXResourcesBuildPhase;
			buildActionMask = 2147483647;
			files = (
				2A5C40D5233F9AC200B9FF02 /* MainInterface.storyboard in Resources */,
			);
			runOnlyForDeploymentPostprocessing = 0;
		};
		2ADBF3B32375BD31001BE5D5 /* Resources */ = {
			isa = PBXResourcesBuildPhase;
			buildActionMask = 2147483647;
			files = (
				2ADBF3BC2375BD31001BE5D5 /* MainInterface.storyboard in Resources */,
			);
			runOnlyForDeploymentPostprocessing = 0;
		};
		2AEC50E122BFD92C0005781E /* Resources */ = {
			isa = PBXResourcesBuildPhase;
			buildActionMask = 2147483647;
			files = (
			);
			runOnlyForDeploymentPostprocessing = 0;
		};
/* End PBXResourcesBuildPhase section */

/* Begin PBXShellScriptBuildPhase section */
		2AD799DC22B270FC0053BB4E /* ShellScript */ = {
			isa = PBXShellScriptBuildPhase;
			buildActionMask = 2147483647;
			files = (
			);
			inputFileListPaths = (
			);
			inputPaths = (
				"$(SRCROOT)/Carthage/Build/iOS/Alamofire.framework",
				"$(SRCROOT)/Carthage/Build/iOS/geos.framework",
				"$(SRCROOT)/Carthage/Build/iOS/GEOSwift.framework",
				"$(SRCROOT)/Carthage/Build/iOS/GEOSwiftMapKit.framework",
			);
			outputFileListPaths = (
			);
			outputPaths = (
				"$(DERIVED_FILE_DIR)/$(FRAMEWORKS_FOLDER_PATH)/Alamofire.framework",
				"$(DERIVED_FILE_DIR)/$(FRAMEWORKS_FOLDER_PATH)/geos.framework",
				"$(DERIVED_FILE_DIR)/$(FRAMEWORKS_FOLDER_PATH)/GEOSwift.framework",
				"$(DERIVED_FILE_DIR)/$(FRAMEWORKS_FOLDER_PATH)/GEOSwiftMapKit.framework",
			);
			runOnlyForDeploymentPostprocessing = 0;
			shellPath = /bin/sh;
			shellScript = "# Type a script or drag a script file from your workspace to insert its path.\n/usr/local/bin/carthage copy-frameworks\n";
		};
/* End PBXShellScriptBuildPhase section */

/* Begin PBXSourcesBuildPhase section */
		2A1E41222377F72B002FA52A /* Sources */ = {
			isa = PBXSourcesBuildPhase;
			buildActionMask = 2147483647;
			files = (
				2A39868223780BE0005AB8AF /* WidgetNumberView.swift in Sources */,
				2A1E412A2377F72B002FA52A /* TodayViewController.swift in Sources */,
				2A1E413A2377F7D4002FA52A /* CardWidget.swift in Sources */,
			);
			runOnlyForDeploymentPostprocessing = 0;
		};
		2A45588D2299825700250D01 /* Sources */ = {
			isa = PBXSourcesBuildPhase;
			buildActionMask = 2147483647;
			files = (
				4E937B13237A61C9009D93E0 /* newFuncView.swift in Sources */,
				2A981808237AC39A005C5141 /* NewFuncGuideController.swift in Sources */,
				2A45589D2299825700250D01 /* lemonios.xcdatamodeld in Sources */,
				4E937B0D237A46AB009D93E0 /* NewFuncRow.swift in Sources */,
				2A4558972299825700250D01 /* ViewController.swift in Sources */,
				2A4558952299825700250D01 /* AppDelegate.swift in Sources */,
				2AA10FDD230ECFE500AE639A /* HduMapViewController.swift in Sources */,
			);
			runOnlyForDeploymentPostprocessing = 0;
		};
		2A4558A42299825900250D01 /* Sources */ = {
			isa = PBXSourcesBuildPhase;
			buildActionMask = 2147483647;
			files = (
				2A4558AD2299825900250D01 /* lemoniosTests.swift in Sources */,
			);
			runOnlyForDeploymentPostprocessing = 0;
		};
		2A4558AF2299825900250D01 /* Sources */ = {
			isa = PBXSourcesBuildPhase;
			buildActionMask = 2147483647;
			files = (
				2A4558B82299825900250D01 /* lemoniosUITests.swift in Sources */,
			);
			runOnlyForDeploymentPostprocessing = 0;
		};
		2A5C40C9233F9AC200B9FF02 /* Sources */ = {
			isa = PBXSourcesBuildPhase;
			buildActionMask = 2147483647;
			files = (
				2A5C40D2233F9AC200B9FF02 /* TodayViewController.swift in Sources */,
			);
			runOnlyForDeploymentPostprocessing = 0;
		};
		2ADBF3B12375BD31001BE5D5 /* Sources */ = {
			isa = PBXSourcesBuildPhase;
			buildActionMask = 2147483647;
			files = (
				2A39868423780E74005AB8AF /* WidgetNumberView.swift in Sources */,
				2ADBF3C42375BD3D001BE5D5 /* SunRunWidget.swift in Sources */,
				2ADBF3B92375BD31001BE5D5 /* TodayViewController.swift in Sources */,
			);
			runOnlyForDeploymentPostprocessing = 0;
		};
		2AEC50DF22BFD92C0005781E /* Sources */ = {
			isa = PBXSourcesBuildPhase;
			buildActionMask = 2147483647;
			files = (
			);
			runOnlyForDeploymentPostprocessing = 0;
		};
/* End PBXSourcesBuildPhase section */

/* Begin PBXTargetDependency section */
		2A1E41302377F72B002FA52A /* PBXTargetDependency */ = {
			isa = PBXTargetDependency;
			target = 2A1E41252377F72B002FA52A /* cardwidget */;
			targetProxy = 2A1E412F2377F72B002FA52A /* PBXContainerItemProxy */;
		};
		2A4558AA2299825900250D01 /* PBXTargetDependency */ = {
			isa = PBXTargetDependency;
			target = 2A4558902299825700250D01 /* lemonios */;
			targetProxy = 2A4558A92299825900250D01 /* PBXContainerItemProxy */;
		};
		2A4558B52299825900250D01 /* PBXTargetDependency */ = {
			isa = PBXTargetDependency;
			target = 2A4558902299825700250D01 /* lemonios */;
			targetProxy = 2A4558B42299825900250D01 /* PBXContainerItemProxy */;
		};
		2A5C40D8233F9AC200B9FF02 /* PBXTargetDependency */ = {
			isa = PBXTargetDependency;
			platformFilter = ios;
			target = 2A5C40CC233F9AC200B9FF02 /* schedulewidget */;
			targetProxy = 2A5C40D7233F9AC200B9FF02 /* PBXContainerItemProxy */;
		};
		2ADBF3BF2375BD31001BE5D5 /* PBXTargetDependency */ = {
			isa = PBXTargetDependency;
			target = 2ADBF3B42375BD31001BE5D5 /* sunrunwidget */;
			targetProxy = 2ADBF3BE2375BD31001BE5D5 /* PBXContainerItemProxy */;
		};
/* End PBXTargetDependency section */

/* Begin PBXVariantGroup section */
		2A1E412B2377F72B002FA52A /* MainInterface.storyboard */ = {
			isa = PBXVariantGroup;
			children = (
				2A1E412C2377F72B002FA52A /* Base */,
			);
			name = MainInterface.storyboard;
			sourceTree = "<group>";
		};
		2A4558982299825700250D01 /* Main.storyboard */ = {
			isa = PBXVariantGroup;
			children = (
				2A4558992299825700250D01 /* Base */,
			);
			name = Main.storyboard;
			sourceTree = "<group>";
		};
		2A4558A02299825800250D01 /* LaunchScreen.storyboard */ = {
			isa = PBXVariantGroup;
			children = (
				2A4558A12299825800250D01 /* Base */,
			);
			name = LaunchScreen.storyboard;
			sourceTree = "<group>";
		};
		2A5C40D3233F9AC200B9FF02 /* MainInterface.storyboard */ = {
			isa = PBXVariantGroup;
			children = (
				2A5C40D4233F9AC200B9FF02 /* Base */,
			);
			name = MainInterface.storyboard;
			sourceTree = "<group>";
		};
		2ADBF3BA2375BD31001BE5D5 /* MainInterface.storyboard */ = {
			isa = PBXVariantGroup;
			children = (
				2ADBF3BB2375BD31001BE5D5 /* Base */,
			);
			name = MainInterface.storyboard;
			sourceTree = "<group>";
		};
/* End PBXVariantGroup section */

/* Begin XCBuildConfiguration section */
		2A1E41322377F72B002FA52A /* Debug */ = {
			isa = XCBuildConfiguration;
			buildSettings = {
				CODE_SIGN_ENTITLEMENTS = cardwidget/cardwidget.entitlements;
				CODE_SIGN_STYLE = Automatic;
				CURRENT_PROJECT_VERSION = 13;
				DEVELOPMENT_TEAM = LG57TUQ726;
				FRAMEWORK_SEARCH_PATHS = (
					"$(inherited)",
					"$(PROJECT_DIR)/Carthage/Build/iOS",
				);
				INFOPLIST_FILE = cardwidget/Info.plist;
				IPHONEOS_DEPLOYMENT_TARGET = 13.0;
				LD_RUNPATH_SEARCH_PATHS = (
					"$(inherited)",
					"@executable_path/Frameworks",
					"@executable_path/../../Frameworks",
				);
				MARKETING_VERSION = 1.1;
				PRODUCT_BUNDLE_IDENTIFIER = help.hdu.lemon.ios.cardwidget;
				PRODUCT_NAME = "一卡通";
				SKIP_INSTALL = YES;
				SWIFT_VERSION = 5.0;
				TARGETED_DEVICE_FAMILY = "1,2";
			};
			name = Debug;
		};
		2A1E41332377F72B002FA52A /* Release */ = {
			isa = XCBuildConfiguration;
			buildSettings = {
				CODE_SIGN_ENTITLEMENTS = cardwidget/cardwidget.entitlements;
				CODE_SIGN_STYLE = Automatic;
				CURRENT_PROJECT_VERSION = 13;
				DEVELOPMENT_TEAM = LG57TUQ726;
				FRAMEWORK_SEARCH_PATHS = (
					"$(inherited)",
					"$(PROJECT_DIR)/Carthage/Build/iOS",
				);
				INFOPLIST_FILE = cardwidget/Info.plist;
				IPHONEOS_DEPLOYMENT_TARGET = 13.0;
				LD_RUNPATH_SEARCH_PATHS = (
					"$(inherited)",
					"@executable_path/Frameworks",
					"@executable_path/../../Frameworks",
				);
				MARKETING_VERSION = 1.1;
				PRODUCT_BUNDLE_IDENTIFIER = help.hdu.lemon.ios.cardwidget;
				PRODUCT_NAME = "一卡通";
				SKIP_INSTALL = YES;
				SWIFT_VERSION = 5.0;
				TARGETED_DEVICE_FAMILY = "1,2";
			};
			name = Release;
		};
		2A4558BA2299825900250D01 /* Debug */ = {
			isa = XCBuildConfiguration;
			buildSettings = {
				ALWAYS_SEARCH_USER_PATHS = NO;
				CLANG_ANALYZER_NONNULL = YES;
				CLANG_ANALYZER_NUMBER_OBJECT_CONVERSION = YES_AGGRESSIVE;
				CLANG_CXX_LANGUAGE_STANDARD = "gnu++14";
				CLANG_CXX_LIBRARY = "libc++";
				CLANG_ENABLE_MODULES = YES;
				CLANG_ENABLE_OBJC_ARC = YES;
				CLANG_ENABLE_OBJC_WEAK = YES;
				CLANG_WARN_BLOCK_CAPTURE_AUTORELEASING = YES;
				CLANG_WARN_BOOL_CONVERSION = YES;
				CLANG_WARN_COMMA = YES;
				CLANG_WARN_CONSTANT_CONVERSION = YES;
				CLANG_WARN_DEPRECATED_OBJC_IMPLEMENTATIONS = YES;
				CLANG_WARN_DIRECT_OBJC_ISA_USAGE = YES_ERROR;
				CLANG_WARN_DOCUMENTATION_COMMENTS = YES;
				CLANG_WARN_EMPTY_BODY = YES;
				CLANG_WARN_ENUM_CONVERSION = YES;
				CLANG_WARN_INFINITE_RECURSION = YES;
				CLANG_WARN_INT_CONVERSION = YES;
				CLANG_WARN_NON_LITERAL_NULL_CONVERSION = YES;
				CLANG_WARN_OBJC_IMPLICIT_RETAIN_SELF = YES;
				CLANG_WARN_OBJC_LITERAL_CONVERSION = YES;
				CLANG_WARN_OBJC_ROOT_CLASS = YES_ERROR;
				CLANG_WARN_RANGE_LOOP_ANALYSIS = YES;
				CLANG_WARN_STRICT_PROTOTYPES = YES;
				CLANG_WARN_SUSPICIOUS_MOVE = YES;
				CLANG_WARN_UNGUARDED_AVAILABILITY = YES_AGGRESSIVE;
				CLANG_WARN_UNREACHABLE_CODE = YES;
				CLANG_WARN__DUPLICATE_METHOD_MATCH = YES;
				CODE_SIGN_IDENTITY = "iPhone Developer";
				COPY_PHASE_STRIP = NO;
				DEBUG_INFORMATION_FORMAT = dwarf;
				ENABLE_STRICT_OBJC_MSGSEND = YES;
				ENABLE_TESTABILITY = YES;
				GCC_C_LANGUAGE_STANDARD = gnu11;
				GCC_DYNAMIC_NO_PIC = NO;
				GCC_NO_COMMON_BLOCKS = YES;
				GCC_OPTIMIZATION_LEVEL = 0;
				GCC_PREPROCESSOR_DEFINITIONS = (
					"DEBUG=1",
					"$(inherited)",
				);
				GCC_WARN_64_TO_32_BIT_CONVERSION = YES;
				GCC_WARN_ABOUT_RETURN_TYPE = YES_ERROR;
				GCC_WARN_UNDECLARED_SELECTOR = YES;
				GCC_WARN_UNINITIALIZED_AUTOS = YES_AGGRESSIVE;
				GCC_WARN_UNUSED_FUNCTION = YES;
				GCC_WARN_UNUSED_VARIABLE = YES;
				IPHONEOS_DEPLOYMENT_TARGET = 13.0;
				MTL_ENABLE_DEBUG_INFO = INCLUDE_SOURCE;
				MTL_FAST_MATH = YES;
				ONLY_ACTIVE_ARCH = YES;
				SDKROOT = iphoneos;
				SWIFT_ACTIVE_COMPILATION_CONDITIONS = DEBUG;
				SWIFT_OPTIMIZATION_LEVEL = "-Onone";
			};
			name = Debug;
		};
		2A4558BB2299825900250D01 /* Release */ = {
			isa = XCBuildConfiguration;
			buildSettings = {
				ALWAYS_SEARCH_USER_PATHS = NO;
				CLANG_ANALYZER_NONNULL = YES;
				CLANG_ANALYZER_NUMBER_OBJECT_CONVERSION = YES_AGGRESSIVE;
				CLANG_CXX_LANGUAGE_STANDARD = "gnu++14";
				CLANG_CXX_LIBRARY = "libc++";
				CLANG_ENABLE_MODULES = YES;
				CLANG_ENABLE_OBJC_ARC = YES;
				CLANG_ENABLE_OBJC_WEAK = YES;
				CLANG_WARN_BLOCK_CAPTURE_AUTORELEASING = YES;
				CLANG_WARN_BOOL_CONVERSION = YES;
				CLANG_WARN_COMMA = YES;
				CLANG_WARN_CONSTANT_CONVERSION = YES;
				CLANG_WARN_DEPRECATED_OBJC_IMPLEMENTATIONS = YES;
				CLANG_WARN_DIRECT_OBJC_ISA_USAGE = YES_ERROR;
				CLANG_WARN_DOCUMENTATION_COMMENTS = YES;
				CLANG_WARN_EMPTY_BODY = YES;
				CLANG_WARN_ENUM_CONVERSION = YES;
				CLANG_WARN_INFINITE_RECURSION = YES;
				CLANG_WARN_INT_CONVERSION = YES;
				CLANG_WARN_NON_LITERAL_NULL_CONVERSION = YES;
				CLANG_WARN_OBJC_IMPLICIT_RETAIN_SELF = YES;
				CLANG_WARN_OBJC_LITERAL_CONVERSION = YES;
				CLANG_WARN_OBJC_ROOT_CLASS = YES_ERROR;
				CLANG_WARN_RANGE_LOOP_ANALYSIS = YES;
				CLANG_WARN_STRICT_PROTOTYPES = YES;
				CLANG_WARN_SUSPICIOUS_MOVE = YES;
				CLANG_WARN_UNGUARDED_AVAILABILITY = YES_AGGRESSIVE;
				CLANG_WARN_UNREACHABLE_CODE = YES;
				CLANG_WARN__DUPLICATE_METHOD_MATCH = YES;
				CODE_SIGN_IDENTITY = "iPhone Developer";
				COPY_PHASE_STRIP = NO;
				DEBUG_INFORMATION_FORMAT = "dwarf-with-dsym";
				ENABLE_NS_ASSERTIONS = NO;
				ENABLE_STRICT_OBJC_MSGSEND = YES;
				GCC_C_LANGUAGE_STANDARD = gnu11;
				GCC_NO_COMMON_BLOCKS = YES;
				GCC_WARN_64_TO_32_BIT_CONVERSION = YES;
				GCC_WARN_ABOUT_RETURN_TYPE = YES_ERROR;
				GCC_WARN_UNDECLARED_SELECTOR = YES;
				GCC_WARN_UNINITIALIZED_AUTOS = YES_AGGRESSIVE;
				GCC_WARN_UNUSED_FUNCTION = YES;
				GCC_WARN_UNUSED_VARIABLE = YES;
				IPHONEOS_DEPLOYMENT_TARGET = 13.0;
				MTL_ENABLE_DEBUG_INFO = NO;
				MTL_FAST_MATH = YES;
				SDKROOT = iphoneos;
				SWIFT_COMPILATION_MODE = wholemodule;
				SWIFT_OPTIMIZATION_LEVEL = "-O";
				VALIDATE_PRODUCT = YES;
			};
			name = Release;
		};
		2A4558BD2299825900250D01 /* Debug */ = {
			isa = XCBuildConfiguration;
			buildSettings = {
				ALWAYS_EMBED_SWIFT_STANDARD_LIBRARIES = YES;
				ASSETCATALOG_COMPILER_APPICON_NAME = AppIcon;
				CODE_SIGN_ENTITLEMENTS = lemonios/lemonios.entitlements;
				CODE_SIGN_STYLE = Automatic;
				CURRENT_PROJECT_VERSION = 13;
				DEVELOPMENT_TEAM = LG57TUQ726;
				FRAMEWORK_SEARCH_PATHS = (
					"$(inherited)",
					"$(PROJECT_DIR)/Carthage/Build/iOS",
				);
				INFOPLIST_FILE = lemonios/Info.plist;
				IPHONEOS_DEPLOYMENT_TARGET = 13.0;
				LD_RUNPATH_SEARCH_PATHS = (
					"$(inherited)",
					"@executable_path/Frameworks",
				);
				MARKETING_VERSION = 1.1;
				PRODUCT_BUNDLE_IDENTIFIER = help.hdu.lemon.ios;
				PRODUCT_NAME = "$(TARGET_NAME)";
				SUPPORTS_MACCATALYST = NO;
				SWIFT_VERSION = 5.0;
				TARGETED_DEVICE_FAMILY = "1,2";
			};
			name = Debug;
		};
		2A4558BE2299825900250D01 /* Release */ = {
			isa = XCBuildConfiguration;
			buildSettings = {
				ALWAYS_EMBED_SWIFT_STANDARD_LIBRARIES = YES;
				ASSETCATALOG_COMPILER_APPICON_NAME = AppIcon;
				CODE_SIGN_ENTITLEMENTS = lemonios/lemonios.entitlements;
				CODE_SIGN_STYLE = Automatic;
				CURRENT_PROJECT_VERSION = 13;
				DEVELOPMENT_TEAM = LG57TUQ726;
				FRAMEWORK_SEARCH_PATHS = (
					"$(inherited)",
					"$(PROJECT_DIR)/Carthage/Build/iOS",
				);
				INFOPLIST_FILE = lemonios/Info.plist;
				IPHONEOS_DEPLOYMENT_TARGET = 13.0;
				LD_RUNPATH_SEARCH_PATHS = (
					"$(inherited)",
					"@executable_path/Frameworks",
				);
				MARKETING_VERSION = 1.1;
				PRODUCT_BUNDLE_IDENTIFIER = help.hdu.lemon.ios;
				PRODUCT_NAME = "$(TARGET_NAME)";
				SUPPORTS_MACCATALYST = NO;
				SWIFT_VERSION = 5.0;
				TARGETED_DEVICE_FAMILY = "1,2";
			};
			name = Release;
		};
		2A4558C02299825900250D01 /* Debug */ = {
			isa = XCBuildConfiguration;
			buildSettings = {
				ALWAYS_EMBED_SWIFT_STANDARD_LIBRARIES = YES;
				BUNDLE_LOADER = "$(TEST_HOST)";
				CODE_SIGN_STYLE = Automatic;
				DEVELOPMENT_TEAM = 3CA6TZ35K4;
				INFOPLIST_FILE = lemoniosTests/Info.plist;
				LD_RUNPATH_SEARCH_PATHS = (
					"$(inherited)",
					"@executable_path/Frameworks",
					"@loader_path/Frameworks",
				);
				PRODUCT_BUNDLE_IDENTIFIER = help.hdu.lemoniosTests;
				PRODUCT_NAME = "$(TARGET_NAME)";
				SWIFT_VERSION = 5.0;
				TARGETED_DEVICE_FAMILY = "1,2";
				TEST_HOST = "$(BUILT_PRODUCTS_DIR)/lemonios.app/lemonios";
			};
			name = Debug;
		};
		2A4558C12299825900250D01 /* Release */ = {
			isa = XCBuildConfiguration;
			buildSettings = {
				ALWAYS_EMBED_SWIFT_STANDARD_LIBRARIES = YES;
				BUNDLE_LOADER = "$(TEST_HOST)";
				CODE_SIGN_STYLE = Automatic;
				DEVELOPMENT_TEAM = 3CA6TZ35K4;
				INFOPLIST_FILE = lemoniosTests/Info.plist;
				LD_RUNPATH_SEARCH_PATHS = (
					"$(inherited)",
					"@executable_path/Frameworks",
					"@loader_path/Frameworks",
				);
				PRODUCT_BUNDLE_IDENTIFIER = help.hdu.lemoniosTests;
				PRODUCT_NAME = "$(TARGET_NAME)";
				SWIFT_VERSION = 5.0;
				TARGETED_DEVICE_FAMILY = "1,2";
				TEST_HOST = "$(BUILT_PRODUCTS_DIR)/lemonios.app/lemonios";
			};
			name = Release;
		};
		2A4558C32299825900250D01 /* Debug */ = {
			isa = XCBuildConfiguration;
			buildSettings = {
				ALWAYS_EMBED_SWIFT_STANDARD_LIBRARIES = YES;
				CODE_SIGN_STYLE = Automatic;
				DEVELOPMENT_TEAM = 3CA6TZ35K4;
				INFOPLIST_FILE = lemoniosUITests/Info.plist;
				LD_RUNPATH_SEARCH_PATHS = (
					"$(inherited)",
					"@executable_path/Frameworks",
					"@loader_path/Frameworks",
				);
				PRODUCT_BUNDLE_IDENTIFIER = help.hdu.lemoniosUITests;
				PRODUCT_NAME = "$(TARGET_NAME)";
				SWIFT_VERSION = 5.0;
				TARGETED_DEVICE_FAMILY = "1,2";
				TEST_TARGET_NAME = lemonios;
			};
			name = Debug;
		};
		2A4558C42299825900250D01 /* Release */ = {
			isa = XCBuildConfiguration;
			buildSettings = {
				ALWAYS_EMBED_SWIFT_STANDARD_LIBRARIES = YES;
				CODE_SIGN_STYLE = Automatic;
				DEVELOPMENT_TEAM = 3CA6TZ35K4;
				INFOPLIST_FILE = lemoniosUITests/Info.plist;
				LD_RUNPATH_SEARCH_PATHS = (
					"$(inherited)",
					"@executable_path/Frameworks",
					"@loader_path/Frameworks",
				);
				PRODUCT_BUNDLE_IDENTIFIER = help.hdu.lemoniosUITests;
				PRODUCT_NAME = "$(TARGET_NAME)";
				SWIFT_VERSION = 5.0;
				TARGETED_DEVICE_FAMILY = "1,2";
				TEST_TARGET_NAME = lemonios;
			};
			name = Release;
		};
		2A5C40DB233F9AC200B9FF02 /* Debug */ = {
			isa = XCBuildConfiguration;
			buildSettings = {
				CODE_SIGN_ENTITLEMENTS = "schedulewidget/快捷课表.entitlements";
				CODE_SIGN_STYLE = Automatic;
				CURRENT_PROJECT_VERSION = 13;
				DEVELOPMENT_TEAM = LG57TUQ726;
				FRAMEWORK_SEARCH_PATHS = (
					"$(inherited)",
					"$(PROJECT_DIR)/Carthage/Build/iOS",
				);
				INFOPLIST_FILE = schedulewidget/Info.plist;
				IPHONEOS_DEPLOYMENT_TARGET = 13.0;
				LD_RUNPATH_SEARCH_PATHS = (
					"$(inherited)",
					"@executable_path/Frameworks",
					"@executable_path/../../Frameworks",
				);
				MARKETING_VERSION = 1.1;
				PRODUCT_BUNDLE_IDENTIFIER = help.hdu.lemon.ios.schedulewidget;
				PRODUCT_NAME = "下节课";
				SKIP_INSTALL = YES;
				SUPPORTS_MACCATALYST = NO;
				SWIFT_VERSION = 5.0;
				TARGETED_DEVICE_FAMILY = "1,2";
			};
			name = Debug;
		};
		2A5C40DC233F9AC200B9FF02 /* Release */ = {
			isa = XCBuildConfiguration;
			buildSettings = {
				CODE_SIGN_ENTITLEMENTS = "schedulewidget/快捷课表.entitlements";
				CODE_SIGN_STYLE = Automatic;
				CURRENT_PROJECT_VERSION = 13;
				DEVELOPMENT_TEAM = LG57TUQ726;
				FRAMEWORK_SEARCH_PATHS = (
					"$(inherited)",
					"$(PROJECT_DIR)/Carthage/Build/iOS",
				);
				INFOPLIST_FILE = schedulewidget/Info.plist;
				IPHONEOS_DEPLOYMENT_TARGET = 13.0;
				LD_RUNPATH_SEARCH_PATHS = (
					"$(inherited)",
					"@executable_path/Frameworks",
					"@executable_path/../../Frameworks",
				);
				MARKETING_VERSION = 1.1;
				PRODUCT_BUNDLE_IDENTIFIER = help.hdu.lemon.ios.schedulewidget;
				PRODUCT_NAME = "下节课";
				SKIP_INSTALL = YES;
				SUPPORTS_MACCATALYST = NO;
				SWIFT_VERSION = 5.0;
				TARGETED_DEVICE_FAMILY = "1,2";
			};
			name = Release;
		};
		2ADBF3C22375BD31001BE5D5 /* Debug */ = {
			isa = XCBuildConfiguration;
			buildSettings = {
				CODE_SIGN_ENTITLEMENTS = "sunrunwidget/阳光长跑.entitlements";
				CODE_SIGN_STYLE = Automatic;
				CURRENT_PROJECT_VERSION = 13;
				DEVELOPMENT_TEAM = LG57TUQ726;
				FRAMEWORK_SEARCH_PATHS = (
					"$(inherited)",
					"$(PROJECT_DIR)/Carthage/Build/iOS",
				);
				INFOPLIST_FILE = sunrunwidget/Info.plist;
				IPHONEOS_DEPLOYMENT_TARGET = 13.0;
				LD_RUNPATH_SEARCH_PATHS = (
					"$(inherited)",
					"@executable_path/Frameworks",
					"@executable_path/../../Frameworks",
				);
				MARKETING_VERSION = 1.1;
				PRODUCT_BUNDLE_IDENTIFIER = help.hdu.lemon.ios.sunrunwidget;
				PRODUCT_NAME = "阳光长跑";
				SKIP_INSTALL = YES;
				SWIFT_VERSION = 5.0;
				TARGETED_DEVICE_FAMILY = "1,2";
			};
			name = Debug;
		};
		2ADBF3C32375BD31001BE5D5 /* Release */ = {
			isa = XCBuildConfiguration;
			buildSettings = {
				CODE_SIGN_ENTITLEMENTS = "sunrunwidget/阳光长跑.entitlements";
				CODE_SIGN_STYLE = Automatic;
				CURRENT_PROJECT_VERSION = 13;
				DEVELOPMENT_TEAM = LG57TUQ726;
				FRAMEWORK_SEARCH_PATHS = (
					"$(inherited)",
					"$(PROJECT_DIR)/Carthage/Build/iOS",
				);
				INFOPLIST_FILE = sunrunwidget/Info.plist;
				IPHONEOS_DEPLOYMENT_TARGET = 13.0;
				LD_RUNPATH_SEARCH_PATHS = (
					"$(inherited)",
					"@executable_path/Frameworks",
					"@executable_path/../../Frameworks",
				);
				MARKETING_VERSION = 1.1;
				PRODUCT_BUNDLE_IDENTIFIER = help.hdu.lemon.ios.sunrunwidget;
				PRODUCT_NAME = "阳光长跑";
				SKIP_INSTALL = YES;
				SWIFT_VERSION = 5.0;
				TARGETED_DEVICE_FAMILY = "1,2";
			};
			name = Release;
		};
		2AEC50EC22BFD92C0005781E /* Debug */ = {
			isa = XCBuildConfiguration;
			buildSettings = {
				CODE_SIGN_STYLE = Automatic;
				DEVELOPMENT_TEAM = LG57TUQ726;
				INFOPLIST_FILE = opensubapp/Info.plist;
				LD_RUNPATH_SEARCH_PATHS = (
					"$(inherited)",
					"@executable_path/Frameworks",
					"@executable_path/../../Frameworks",
				);
				PRODUCT_BUNDLE_IDENTIFIER = help.hdu.lemon.ios.opensubapp;
				PRODUCT_NAME = "$(TARGET_NAME)";
				SKIP_INSTALL = YES;
				SWIFT_VERSION = 5.0;
				TARGETED_DEVICE_FAMILY = "1,2";
			};
			name = Debug;
		};
		2AEC50ED22BFD92C0005781E /* Release */ = {
			isa = XCBuildConfiguration;
			buildSettings = {
				CODE_SIGN_STYLE = Automatic;
				DEVELOPMENT_TEAM = LG57TUQ726;
				INFOPLIST_FILE = opensubapp/Info.plist;
				LD_RUNPATH_SEARCH_PATHS = (
					"$(inherited)",
					"@executable_path/Frameworks",
					"@executable_path/../../Frameworks",
				);
				PRODUCT_BUNDLE_IDENTIFIER = help.hdu.lemon.ios.opensubapp;
				PRODUCT_NAME = "$(TARGET_NAME)";
				SKIP_INSTALL = YES;
				SWIFT_VERSION = 5.0;
				TARGETED_DEVICE_FAMILY = "1,2";
			};
			name = Release;
		};
/* End XCBuildConfiguration section */

/* Begin XCConfigurationList section */
		2A1E41342377F72B002FA52A /* Build configuration list for PBXNativeTarget "cardwidget" */ = {
			isa = XCConfigurationList;
			buildConfigurations = (
				2A1E41322377F72B002FA52A /* Debug */,
				2A1E41332377F72B002FA52A /* Release */,
			);
			defaultConfigurationIsVisible = 0;
			defaultConfigurationName = Release;
		};
		2A45588C2299825600250D01 /* Build configuration list for PBXProject "lemonios" */ = {
			isa = XCConfigurationList;
			buildConfigurations = (
				2A4558BA2299825900250D01 /* Debug */,
				2A4558BB2299825900250D01 /* Release */,
			);
			defaultConfigurationIsVisible = 0;
			defaultConfigurationName = Release;
		};
		2A4558BC2299825900250D01 /* Build configuration list for PBXNativeTarget "lemonios" */ = {
			isa = XCConfigurationList;
			buildConfigurations = (
				2A4558BD2299825900250D01 /* Debug */,
				2A4558BE2299825900250D01 /* Release */,
			);
			defaultConfigurationIsVisible = 0;
			defaultConfigurationName = Release;
		};
		2A4558BF2299825900250D01 /* Build configuration list for PBXNativeTarget "lemoniosTests" */ = {
			isa = XCConfigurationList;
			buildConfigurations = (
				2A4558C02299825900250D01 /* Debug */,
				2A4558C12299825900250D01 /* Release */,
			);
			defaultConfigurationIsVisible = 0;
			defaultConfigurationName = Release;
		};
		2A4558C22299825900250D01 /* Build configuration list for PBXNativeTarget "lemoniosUITests" */ = {
			isa = XCConfigurationList;
			buildConfigurations = (
				2A4558C32299825900250D01 /* Debug */,
				2A4558C42299825900250D01 /* Release */,
			);
			defaultConfigurationIsVisible = 0;
			defaultConfigurationName = Release;
		};
		2A5C40DD233F9AC200B9FF02 /* Build configuration list for PBXNativeTarget "schedulewidget" */ = {
			isa = XCConfigurationList;
			buildConfigurations = (
				2A5C40DB233F9AC200B9FF02 /* Debug */,
				2A5C40DC233F9AC200B9FF02 /* Release */,
			);
			defaultConfigurationIsVisible = 0;
			defaultConfigurationName = Release;
		};
		2ADBF3C12375BD31001BE5D5 /* Build configuration list for PBXNativeTarget "sunrunwidget" */ = {
			isa = XCConfigurationList;
			buildConfigurations = (
				2ADBF3C22375BD31001BE5D5 /* Debug */,
				2ADBF3C32375BD31001BE5D5 /* Release */,
			);
			defaultConfigurationIsVisible = 0;
			defaultConfigurationName = Release;
		};
		2AEC50EB22BFD92C0005781E /* Build configuration list for PBXNativeTarget "opensubapp" */ = {
			isa = XCConfigurationList;
			buildConfigurations = (
				2AEC50EC22BFD92C0005781E /* Debug */,
				2AEC50ED22BFD92C0005781E /* Release */,
			);
			defaultConfigurationIsVisible = 0;
			defaultConfigurationName = Release;
		};
/* End XCConfigurationList section */

/* Begin XCRemoteSwiftPackageReference section */
		2AA008212385674800A05B03 /* XCRemoteSwiftPackageReference "DeviceKit" */ = {
			isa = XCRemoteSwiftPackageReference;
			repositoryURL = "https://github.com/devicekit/DeviceKit";
			requirement = {
				kind = upToNextMajorVersion;
				minimumVersion = 2.3.0;
			};
		};
/* End XCRemoteSwiftPackageReference section */

/* Begin XCSwiftPackageProductDependency section */
		2AA008222385674800A05B03 /* DeviceKit */ = {
			isa = XCSwiftPackageProductDependency;
			package = 2AA008212385674800A05B03 /* XCRemoteSwiftPackageReference "DeviceKit" */;
			productName = DeviceKit;
		};
/* End XCSwiftPackageProductDependency section */

/* Begin XCVersionGroup section */
		2A45589B2299825700250D01 /* lemonios.xcdatamodeld */ = {
			isa = XCVersionGroup;
			children = (
				2A45589C2299825700250D01 /* lemonios.xcdatamodel */,
			);
			currentVersion = 2A45589C2299825700250D01 /* lemonios.xcdatamodel */;
			path = lemonios.xcdatamodeld;
			sourceTree = "<group>";
			versionGroupType = wrapper.xcdatamodel;
		};
/* End XCVersionGroup section */
	};
	rootObject = 2A4558892299825600250D01 /* Project object */;
}
