{
  "object": {
    "pins": [
      {
        "package": "Alamofire",
        "repositoryURL": "https://github.com/alamofire/alamofire",
        "state": {
          "branch": "master",
          "revision": "ad1ebf11578ec5d4e9944cae0e615c1e64794153",
          "version": null
        }
      },
      {
        "package": "DeviceKit",
        "repositoryURL": "https://github.com/devicekit/devicekit",
        "state": {
          "branch": null,
          "revision": "446e3ab022af7bb0058be74c1298e1f7e1615607",
          "version": "3.2.0"
        }
      }
    ]
  },
  "version": 1
}
